<?xml version="1.0" encoding="utf-8"?>
<Project ToolsVersion="4.0" xmlns="http://schemas.microsoft.com/developer/msbuild/2003">
  <ItemGroup>
    <Filter Include="Source Files">
      <UniqueIdentifier>{4FC737F1-C7A5-4376-A066-2A32D752A2FF}</UniqueIdentifier>
      <Extensions>cpp;c;cc;cxx;def;odl;idl;hpj;bat;asm;asmx</Extensions>
    </Filter>
    <Filter Include="Header Files">
      <UniqueIdentifier>{93995380-89BD-4b04-88EB-625FBE52EBFB}</UniqueIdentifier>
      <Extensions>h;hpp;hxx;hm;inl;inc;xsd</Extensions>
    </Filter>
    <Filter Include="Resource Files">
      <UniqueIdentifier>{67DA6AB6-F800-4c08-8B7A-83BB121AAD01}</UniqueIdentifier>
      <Extensions>rc;ico;cur;bmp;dlg;rc2;rct;bin;rgs;gif;jpg;jpeg;jpe;resx;tiff;tif;png;wav;mfcribbon-ms</Extensions>
    </Filter>
  </ItemGroup>
  <ItemGroup>
    <ClCompile Include="AppDemo.cpp">
      <Filter>Source Files</Filter>
    </ClCompile>
    <ClCompile Include="AppUtility.cpp">
      <Filter>Source Files</Filter>
    </ClCompile>
    <ClCompile Include="DemoMain.cpp">
      <Filter>Source Files</Filter>
    </ClCompile>
    <ClCompile Include="CameraPanel.cpp">
      <Filter>Source Files</Filter>
    </ClCompile>
    <ClCompile Include="Bone.cpp">
      <Filter>Source Files</Filter>
    </ClCompile>
    <ClCompile Include="Skeleton.cpp">
      <Filter>Source Files</Filter>
    </ClCompile>
    <ClCompile Include="IKChain.cpp">
      <Filter>Source Files</Filter>
    </ClCompile>
    <ClCompile Include="BoneAccessor.cpp">
      <Filter>Source Files</Filter>
    </ClCompile>
    <ClCompile Include="SkeletonManager.cpp">
      <Filter>Source Files</Filter>
    </ClCompile>
    <ClCompile Include="Path.cpp">
      <Filter>Source Files</Filter>
    </ClCompile>
    <ClCompile Include="Path2DManipulator.cpp">
      <Filter>Source Files</Filter>
    </ClCompile>
    <ClCompile Include="MousePicker.cpp">
      <Filter>Source Files</Filter>
    </ClCompile>
    <ClCompile Include="BonePanel.cpp">
      <Filter>Source Files</Filter>
    </ClCompile>
    <ClCompile Include="UIManager.cpp">
      <Filter>Source Files</Filter>
    </ClCompile>
    <ClCompile Include="Motion.cpp">
      <Filter>Source Files</Filter>
    </ClCompile>
    <ClCompile Include="MotionManager.cpp">
      <Filter>Source Files</Filter>
    </ClCompile>
    <ClCompile Include="SelectionBox.cpp">
      <Filter>Source Files</Filter>
    </ClCompile>
    <ClCompile Include="MainMenuControl.cpp">
      <Filter>Source Files</Filter>
    </ClCompile>
    <ClCompile Include="CommandManager.cpp">
      <Filter>Source Files</Filter>
    </ClCompile>
    <ClCompile Include="SkeletonView.cpp">
      <Filter>Source Files</Filter>
    </ClCompile>
    <ClCompile Include="AxisEntity.cpp">
      <Filter>Source Files</Filter>
    </ClCompile>
    <ClCompile Include="ObjectPanel.cpp">
      <Filter>Source Files</Filter>
    </ClCompile>
    <ClCompile Include="SceneEntity.cpp">
      <Filter>Source Files</Filter>
    </ClCompile>
    <ClCompile Include="SceneEntityManager.cpp">
      <Filter>Source Files</Filter>
    </ClCompile>
    <ClCompile Include="SceneObjectPanel.cpp">
      <Filter>Source Files</Filter>
    </ClCompile>
    <ClCompile Include="StatePanel.cpp">
      <Filter>Source Files</Filter>
    </ClCompile>
    <ClCompile Include="AnimationManager.cpp">
      <Filter>Source Files</Filter>
    </ClCompile>
    <ClCompile Include="Animation.cpp">
      <Filter>Source Files</Filter>
    </ClCompile>
    <ClCompile Include="AnimationPanel.cpp">
      <Filter>Source Files</Filter>
    </ClCompile>
    <ClCompile Include="AnimationEditorPanel.cpp">
      <Filter>Source Files</Filter>
    </ClCompile>
    <ClCompile Include="MotionSynthesisPanel.cpp">
      <Filter>Source Files</Filter>
    </ClCompile>
    <ClCompile Include="PathEditingEvaluator.cpp">
      <Filter>Source Files</Filter>
    </ClCompile>
    <ClCompile Include="IKSolver.cpp">
      <Filter>Source Files</Filter>
    </ClCompile>
    <ClCompile Include="IKSolverTest.cpp">
      <Filter>Source Files</Filter>
    </ClCompile>
    <ClCompile Include="AnimationEditor.cpp">
      <Filter>Source Files</Filter>
    </ClCompile>
    <ClCompile Include="MotionGraphsPanel.cpp">
      <Filter>Source Files</Filter>
    </ClCompile>
    <ClCompile Include="MotionGraphs.cpp">
      <Filter>Source Files</Filter>
    </ClCompile>
    <ClCompile Include="A.cpp">
      <Filter>Source Files</Filter>
    </ClCompile>
    <ClCompile Include="ImagePanel.cpp">
      <Filter>Source Files</Filter>
    </ClCompile>
    <ClCompile Include="VideoTexture.cpp">
      <Filter>Source Files</Filter>
    </ClCompile>
  </ItemGroup>
  <ItemGroup>
    <ClInclude Include="AppDemo.h">
      <Filter>Header Files</Filter>
    </ClInclude>
    <ClInclude Include="AppUtility.h">
      <Filter>Header Files</Filter>
    </ClInclude>
    <ClInclude Include="resource.h">
      <Filter>Header Files</Filter>
    </ClInclude>
    <ClInclude Include="CameraPanel.h">
      <Filter>Header Files</Filter>
    </ClInclude>
    <ClInclude Include="IKChain.h">
      <Filter>Header Files</Filter>
    </ClInclude>
    <ClInclude Include="Bone.h">
      <Filter>Header Files</Filter>
    </ClInclude>
    <ClInclude Include="Skeleton.h">
      <Filter>Header Files</Filter>
    </ClInclude>
    <ClInclude Include="BoneAccessor.h">
      <Filter>Header Files</Filter>
    </ClInclude>
    <ClInclude Include="SkeletonManager.h">
      <Filter>Header Files</Filter>
    </ClInclude>
    <ClInclude Include="Path.h">
      <Filter>Header Files</Filter>
    </ClInclude>
    <ClInclude Include="Path2DManipulator.h">
      <Filter>Header Files</Filter>
    </ClInclude>
    <ClInclude Include="MousePicker.h">
      <Filter>Header Files</Filter>
    </ClInclude>
    <ClInclude Include="PanelViewCell.h">
      <Filter>Header Files</Filter>
    </ClInclude>
    <ClInclude Include="BonePanel.h">
      <Filter>Header Files</Filter>
    </ClInclude>
    <ClInclude Include="UIManager.h">
      <Filter>Header Files</Filter>
    </ClInclude>
    <ClInclude Include="Motion.h">
      <Filter>Header Files</Filter>
    </ClInclude>
    <ClInclude Include="MotionManager.h">
      <Filter>Header Files</Filter>
    </ClInclude>
    <ClInclude Include="SelectionBox.h">
      <Filter>Header Files</Filter>
    </ClInclude>
    <ClInclude Include="MainMenuControl.h">
      <Filter>Header Files</Filter>
    </ClInclude>
    <ClInclude Include="CommandManager.h">
      <Filter>Header Files</Filter>
    </ClInclude>
    <ClInclude Include="RenderBox.h">
      <Filter>Header Files</Filter>
    </ClInclude>
    <ClInclude Include="RenderBoxScene.h">
      <Filter>Header Files</Filter>
    </ClInclude>
    <ClInclude Include="SkeletonView.h">
      <Filter>Header Files</Filter>
    </ClInclude>
    <ClInclude Include="AxisEntity.h">
      <Filter>Header Files</Filter>
    </ClInclude>
    <ClInclude Include="ObjectPanel.h">
      <Filter>Header Files</Filter>
    </ClInclude>
    <ClInclude Include="SceneEntity.h">
      <Filter>Header Files</Filter>
    </ClInclude>
    <ClInclude Include="SceneEntityManager.h">
      <Filter>Header Files</Filter>
    </ClInclude>
    <ClInclude Include="SceneObjectPanel.h">
      <Filter>Header Files</Filter>
    </ClInclude>
    <ClInclude Include="StatePanel.h">
      <Filter>Header Files</Filter>
    </ClInclude>
    <ClInclude Include="Animation.h">
      <Filter>Header Files</Filter>
    </ClInclude>
    <ClInclude Include="AnimationPanel.h">
      <Filter>Header Files</Filter>
    </ClInclude>
    <ClInclude Include="AnimationManager.h">
      <Filter>Header Files</Filter>
    </ClInclude>
    <ClInclude Include="AnimationEditorPanel.h">
      <Filter>Header Files</Filter>
    </ClInclude>
    <ClInclude Include="MotionSynthesisPanel.h">
      <Filter>Header Files</Filter>
    </ClInclude>
    <ClInclude Include="PathEditingEvaluator.h">
      <Filter>Header Files</Filter>
    </ClInclude>
    <ClInclude Include="IKSolver.h">
      <Filter>Header Files</Filter>
    </ClInclude>
    <ClInclude Include="IKSolverTest.h">
      <Filter>Header Files</Filter>
    </ClInclude>
    <ClInclude Include="AnimationEditor.h">
      <Filter>Header Files</Filter>
    </ClInclude>
    <ClInclude Include="MotionGraphsPanel.h">
      <Filter>Header Files</Filter>
    </ClInclude>
    <ClInclude Include="MotionGraphs.h">
      <Filter>Header Files</Filter>
    </ClInclude>
    <ClInclude Include="A.h">
      <Filter>Header Files</Filter>
    </ClInclude>
    <ClInclude Include="ImagePanel.h">
      <Filter>Header Files</Filter>
    </ClInclude>
    <ClInclude Include="VideoTexture.h">
      <Filter>Header Files</Filter>
    </ClInclude>
  </ItemGroup>
  <ItemGroup>
    <ResourceCompile Include="AppDemo.rc">
      <Filter>Resource Files</Filter>
    </ResourceCompile>
  </ItemGroup>
  <ItemGroup>
    <None Include="..\bin\media\ico\app.ico">
      <Filter>Resource Files</Filter>
    </None>
    <None Include="..\bin\media\ico\app_x.ico">
      <Filter>Resource Files</Filter>
    </None>
  </ItemGroup>
</Project>