<?xml version="1.0" encoding="utf-8"?>
<Project ToolsVersion="4.0" xmlns="http://schemas.microsoft.com/developer/msbuild/2003">
  <ItemGroup>
    <Filter Include="Source Files">
      <UniqueIdentifier>{4FC737F1-C7A5-4376-A066-2A32D752A2FF}</UniqueIdentifier>
      <Extensions>cpp;c;cc;cxx;def;odl;idl;hpj;bat;asm;asmx</Extensions>
    </Filter>
    <Filter Include="Header Files">
      <UniqueIdentifier>{93995380-89BD-4b04-88EB-625FBE52EBFB}</UniqueIdentifier>
      <Extensions>h;hpp;hxx;hm;inl;inc;xsd</Extensions>
    </Filter>
    <Filter Include="Resource Files">
      <UniqueIdentifier>{67DA6AB6-F800-4c08-8B7A-83BB121AAD01}</UniqueIdentifier>
      <Extensions>rc;ico;cur;bmp;dlg;rc2;rct;bin;rgs;gif;jpg;jpeg;jpe;resx;tiff;tif;png;wav;mfcribbon-ms</Extensions>
    </Filter>
  </ItemGroup>
  <ItemGroup>
    <ClInclude Include="include\AMCParser.h">
      <Filter>Header Files</Filter>
    </ClInclude>
    <ClInclude Include="include\BiasKernel.h">
      <Filter>Header Files</Filter>
    </ClInclude>
    <ClInclude Include="include\cblaswrap.h">
      <Filter>Header Files</Filter>
    </ClInclude>
    <ClInclude Include="include\CompoundKernel.h">
      <Filter>Header Files</Filter>
    </ClInclude>
    <ClInclude Include="include\Distribution.h">
      <Filter>Header Files</Filter>
    </ClInclude>
    <ClInclude Include="include\Exceptions.h">
      <Filter>Header Files</Filter>
    </ClInclude>
    <ClInclude Include="include\GaussianDistribution.h">
      <Filter>Header Files</Filter>
    </ClInclude>
    <ClInclude Include="include\GaussianProcessModel.h">
      <Filter>Header Files</Filter>
    </ClInclude>
    <ClInclude Include="include\GPLVM.h">
      <Filter>Header Files</Filter>
    </ClInclude>
    <ClInclude Include="include\Kernel.h">
      <Filter>Header Files</Filter>
    </ClInclude>
    <ClInclude Include="include\LinearKernel.h">
      <Filter>Header Files</Filter>
    </ClInclude>
    <ClInclude Include="include\MGPKernel.h">
      <Filter>Header Files</Filter>
    </ClInclude>
    <ClInclude Include="include\MGPM.h">
      <Filter>Header Files</Filter>
    </ClInclude>
    <ClInclude Include="include\MotionSyn.h">
      <Filter>Header Files</Filter>
    </ClInclude>
    <ClInclude Include="include\Optimization.h">
      <Filter>Header Files</Filter>
    </ClInclude>
    <ClInclude Include="include\ParamPriors.h">
      <Filter>Header Files</Filter>
    </ClInclude>
    <ClInclude Include="include\Quaternion.h">
      <Filter>Header Files</Filter>
    </ClInclude>
    <ClInclude Include="include\RBFKernel.h">
      <Filter>Header Files</Filter>
    </ClInclude>
    <ClInclude Include="include\Regularisable.h">
      <Filter>Header Files</Filter>
    </ClInclude>
    <ClInclude Include="include\ResUtility.h">
      <Filter>Header Files</Filter>
    </ClInclude>
    <ClInclude Include="include\Transform.h">
      <Filter>Header Files</Filter>
    </ClInclude>
    <ClInclude Include="include\Transformable.h">
      <Filter>Header Files</Filter>
    </ClInclude>
    <ClInclude Include="include\Vector3D.h">
      <Filter>Header Files</Filter>
    </ClInclude>
    <ClInclude Include="include\WhiteNoiseKernel.h">
      <Filter>Header Files</Filter>
    </ClInclude>
    <ClInclude Include="include\HMGPM.h">
      <Filter>Header Files</Filter>
    </ClInclude>
    <ClInclude Include="include\PeriodKernel.h">
      <Filter>Header Files</Filter>
    </ClInclude>
    <ClInclude Include="include\MMatrix.h">
      <Filter>Header Files</Filter>
    </ClInclude>
  </ItemGroup>
  <ItemGroup>
    <ClCompile Include="src\AMCParser.cpp">
      <Filter>Source Files</Filter>
    </ClCompile>
    <ClCompile Include="src\BiasKernel.cpp">
      <Filter>Source Files</Filter>
    </ClCompile>
    <ClCompile Include="src\CompoundKernel.cpp">
      <Filter>Source Files</Filter>
    </ClCompile>
    <ClCompile Include="src\Distribution.cpp">
      <Filter>Source Files</Filter>
    </ClCompile>
    <ClCompile Include="src\GaussianDistribution.cpp">
      <Filter>Source Files</Filter>
    </ClCompile>
    <ClCompile Include="src\GaussianProcessModel.cpp">
      <Filter>Source Files</Filter>
    </ClCompile>
    <ClCompile Include="src\GPLVM.cpp">
      <Filter>Source Files</Filter>
    </ClCompile>
    <ClCompile Include="src\Kernel.cpp">
      <Filter>Source Files</Filter>
    </ClCompile>
    <ClCompile Include="src\LinearKernel.cpp">
      <Filter>Source Files</Filter>
    </ClCompile>
    <ClCompile Include="src\MGPKernel.cpp">
      <Filter>Source Files</Filter>
    </ClCompile>
    <ClCompile Include="src\MGPM.cpp">
      <Filter>Source Files</Filter>
    </ClCompile>
    <ClCompile Include="src\MotionSyn.cpp">
      <Filter>Source Files</Filter>
    </ClCompile>
    <ClCompile Include="src\Optimization.cpp">
      <Filter>Source Files</Filter>
    </ClCompile>
    <ClCompile Include="src\ParamPriors.cpp">
      <Filter>Source Files</Filter>
    </ClCompile>
    <ClCompile Include="src\RBFKernel.cpp">
      <Filter>Source Files</Filter>
    </ClCompile>
    <ClCompile Include="src\Regularisable.cpp">
      <Filter>Source Files</Filter>
    </ClCompile>
    <ClCompile Include="src\ResUtility.cpp">
      <Filter>Source Files</Filter>
    </ClCompile>
    <ClCompile Include="src\Transform.cpp">
      <Filter>Source Files</Filter>
    </ClCompile>
    <ClCompile Include="src\Transformable.cpp">
      <Filter>Source Files</Filter>
    </ClCompile>
    <ClCompile Include="src\WhiteNoiseKernel.cpp">
      <Filter>Source Files</Filter>
    </ClCompile>
    <ClCompile Include="src\HMGPM.cpp">
      <Filter>Source Files</Filter>
    </ClCompile>
    <ClCompile Include="src\PeriodKernel.cpp">
      <Filter>Source Files</Filter>
    </ClCompile>
    <ClCompile Include="src\MMatrix.cpp">
      <Filter>Source Files</Filter>
    </ClCompile>
  </ItemGroup>
</Project>